
Microsoft Visual Studio Solution File, Format Version 12.00
Project("{FAE04EC0-301F-11D3-BF4B-00C04F79EFBC}") = "Mongo.SignalR.Backplane", "Mongo.SignalR.Backplane\Mongo.SignalR.Backplane\Mongo.SignalR.Backplane.csproj", "{DE928404-1974-4514-BC85-6412F25390CC}"
EndProject
Global
	GlobalSection(SolutionConfigurationPlatforms) = preSolution
		Debug|Any CPU = Debug|Any CPU
		Release|Any CPU = Release|Any CPU
	EndGlobalSection
	GlobalSection(ProjectConfigurationPlatforms) = postSolution
		{DE928404-1974-4514-BC85-6412F25390CC}.Debug|Any CPU.ActiveCfg = Debug|Any CPU
		{DE928404-1974-4514-BC85-6412F25390CC}.Debug|Any CPU.Build.0 = Debug|Any CPU
		{DE928404-1974-4514-BC85-6412F25390CC}.Release|Any CPU.ActiveCfg = Release|Any CPU
		{DE928404-1974-4514-BC85-6412F25390CC}.Release|Any CPU.Build.0 = Release|Any CPU
	EndGlobalSection
EndGlobal
