
Microsoft Visual Studio Solution File, Format Version 12.00
# Visual Studio Version 17
VisualStudioVersion = 17.1.32210.238
MinimumVisualStudioVersion = 10.0.40219.1
Project("{9A19103F-16F7-4668-BE54-9A1E7A4F7556}") = "Mongo.SignalR.Backplane", "Mongo.SignalR.Backplane\Mongo.SignalR.Backplane\Mongo.SignalR.Backplane.csproj", "{DE928404-1974-4514-BC85-6412F25390CC}"
EndProject
Project("{9A19103F-16F7-4668-BE54-9A1E7A4F7556}") = "MongoSignalR.Backplane.Sample", "MongoSignalR.Backplane.Sample\MongoSignalR.Backplane.Sample.csproj", "{193E6973-7E21-4BFE-9D7C-CD8CA77BDDD2}"
EndProject
Project("{9A19103F-16F7-4668-BE54-9A1E7A4F7556}") = "Mongo.SignalR.BackPlane.Tests", "Mongo.SignalR.BackPlane.Tests\Mongo.SignalR.BackPlane.Tests.csproj", "{A8D77C17-AB9B-4593-B45B-81FB84302F47}"
EndProject
Global
	GlobalSection(SolutionConfigurationPlatforms) = preSolution
		Debug|Any CPU = Debug|Any CPU
		Release|Any CPU = Release|Any CPU
	EndGlobalSection
	GlobalSection(ProjectConfigurationPlatforms) = postSolution
		{DE928404-1974-4514-BC85-6412F25390CC}.Debug|Any CPU.ActiveCfg = Debug|Any CPU
		{DE928404-1974-4514-BC85-6412F25390CC}.Debug|Any CPU.Build.0 = Debug|Any CPU
		{DE928404-1974-4514-BC85-6412F25390CC}.Release|Any CPU.ActiveCfg = Release|Any CPU
		{DE928404-1974-4514-BC85-6412F25390CC}.Release|Any CPU.Build.0 = Release|Any CPU
		{193E6973-7E21-4BFE-9D7C-CD8CA77BDDD2}.Debug|Any CPU.ActiveCfg = Debug|Any CPU
		{193E6973-7E21-4BFE-9D7C-CD8CA77BDDD2}.Debug|Any CPU.Build.0 = Debug|Any CPU
		{193E6973-7E21-4BFE-9D7C-CD8CA77BDDD2}.Release|Any CPU.ActiveCfg = Release|Any CPU
		{193E6973-7E21-4BFE-9D7C-CD8CA77BDDD2}.Release|Any CPU.Build.0 = Release|Any CPU
		{A8D77C17-AB9B-4593-B45B-81FB84302F47}.Debug|Any CPU.ActiveCfg = Debug|Any CPU
		{A8D77C17-AB9B-4593-B45B-81FB84302F47}.Debug|Any CPU.Build.0 = Debug|Any CPU
		{A8D77C17-AB9B-4593-B45B-81FB84302F47}.Release|Any CPU.ActiveCfg = Release|Any CPU
		{A8D77C17-AB9B-4593-B45B-81FB84302F47}.Release|Any CPU.Build.0 = Release|Any CPU
	EndGlobalSection
	GlobalSection(SolutionProperties) = preSolution
		HideSolutionNode = FALSE
	EndGlobalSection
	GlobalSection(ExtensibilityGlobals) = postSolution
		SolutionGuid = {ED497F9B-3850-47D4-BD2B-038AC8187E56}
	EndGlobalSection
EndGlobal
